
Microsoft Visual Studio Solution File, Format Version 12.00
# Visual Studio 2012
Project("{FAE04EC0-301F-11D3-BF4B-00C04F79EFBC}") = "ImageDescrypt", "ImageDescrypt\ImageDescrypt.csproj", "{13D2ADE1-3330-44F3-82F8-861935C69774}"
EndProject
Project("{FAE04EC0-301F-11D3-BF4B-00C04F79EFBC}") = "UnitTestProject1", "UnitTestProject1\UnitTestProject1.csproj", "{A31C9EF2-56E2-456B-9B11-BD316C99771D}"
EndProject
Project("{FAE04EC0-301F-11D3-BF4B-00C04F79EFBC}") = "as2csharpTool", "as2csharpTool\as2csharpTool.csproj", "{DD171EC8-994F-47AC-86A0-65F9E805BCB8}"
EndProject
Project("{FAE04EC0-301F-11D3-BF4B-00C04F79EFBC}") = "HttpWatch", "..\http抓包\HttpWatch.csproj", "{196F64A3-DD14-4DC2-919B-EDA882E6B3B9}"
EndProject
Global
	GlobalSection(SolutionConfigurationPlatforms) = preSolution
		Debug|Any CPU = Debug|Any CPU
		Debug|x86 = Debug|x86
		Release|Any CPU = Release|Any CPU
		Release|x86 = Release|x86
	EndGlobalSection
	GlobalSection(ProjectConfigurationPlatforms) = postSolution
		{13D2ADE1-3330-44F3-82F8-861935C69774}.Debug|Any CPU.ActiveCfg = Debug|Any CPU
		{13D2ADE1-3330-44F3-82F8-861935C69774}.Debug|Any CPU.Build.0 = Debug|Any CPU
		{13D2ADE1-3330-44F3-82F8-861935C69774}.Debug|x86.ActiveCfg = Debug|Any CPU
		{13D2ADE1-3330-44F3-82F8-861935C69774}.Release|Any CPU.ActiveCfg = Release|Any CPU
		{13D2ADE1-3330-44F3-82F8-861935C69774}.Release|Any CPU.Build.0 = Release|Any CPU
		{13D2ADE1-3330-44F3-82F8-861935C69774}.Release|x86.ActiveCfg = Release|Any CPU
		{A31C9EF2-56E2-456B-9B11-BD316C99771D}.Debug|Any CPU.ActiveCfg = Debug|Any CPU
		{A31C9EF2-56E2-456B-9B11-BD316C99771D}.Debug|Any CPU.Build.0 = Debug|Any CPU
		{A31C9EF2-56E2-456B-9B11-BD316C99771D}.Debug|x86.ActiveCfg = Debug|Any CPU
		{A31C9EF2-56E2-456B-9B11-BD316C99771D}.Release|Any CPU.ActiveCfg = Release|Any CPU
		{A31C9EF2-56E2-456B-9B11-BD316C99771D}.Release|Any CPU.Build.0 = Release|Any CPU
		{A31C9EF2-56E2-456B-9B11-BD316C99771D}.Release|x86.ActiveCfg = Release|Any CPU
		{DD171EC8-994F-47AC-86A0-65F9E805BCB8}.Debug|Any CPU.ActiveCfg = Debug|Any CPU
		{DD171EC8-994F-47AC-86A0-65F9E805BCB8}.Debug|Any CPU.Build.0 = Debug|Any CPU
		{DD171EC8-994F-47AC-86A0-65F9E805BCB8}.Debug|x86.ActiveCfg = Debug|Any CPU
		{DD171EC8-994F-47AC-86A0-65F9E805BCB8}.Release|Any CPU.ActiveCfg = Release|Any CPU
		{DD171EC8-994F-47AC-86A0-65F9E805BCB8}.Release|Any CPU.Build.0 = Release|Any CPU
		{DD171EC8-994F-47AC-86A0-65F9E805BCB8}.Release|x86.ActiveCfg = Release|Any CPU
		{196F64A3-DD14-4DC2-919B-EDA882E6B3B9}.Debug|Any CPU.ActiveCfg = Debug|Any CPU
		{196F64A3-DD14-4DC2-919B-EDA882E6B3B9}.Debug|Any CPU.Build.0 = Debug|Any CPU
		{196F64A3-DD14-4DC2-919B-EDA882E6B3B9}.Debug|x86.ActiveCfg = Debug|Any CPU
		{196F64A3-DD14-4DC2-919B-EDA882E6B3B9}.Release|Any CPU.ActiveCfg = Release|Any CPU
		{196F64A3-DD14-4DC2-919B-EDA882E6B3B9}.Release|Any CPU.Build.0 = Release|Any CPU
		{196F64A3-DD14-4DC2-919B-EDA882E6B3B9}.Release|x86.ActiveCfg = Release|Any CPU
	EndGlobalSection
	GlobalSection(SolutionProperties) = preSolution
		HideSolutionNode = FALSE
	EndGlobalSection
EndGlobal
